
Microsoft Visual Studio Solution File, Format Version 12.00
# Visual Studio Version 17
VisualStudioVersion = 17.11.35327.3
MinimumVisualStudioVersion = 10.0.40219.1
Project("{FAE04EC0-301F-11D3-BF4B-00C04F79EFBC}") = "MiniProjectTic-Tac-ToeDame", "MiniProjectTic-Tac-ToeDame.csproj", "{9459C535-818A-4512-81C5-2F97D1A68D7C}"
EndProject
Global
	GlobalSection(SolutionConfigurationPlatforms) = preSolution
		Debug|Any CPU = Debug|Any CPU
		Release|Any CPU = Release|Any CPU
	EndGlobalSection
	GlobalSection(ProjectConfigurationPlatforms) = postSolution
		{9459C535-818A-4512-81C5-2F97D1A68D7C}.Debug|Any CPU.ActiveCfg = Debug|Any CPU
		{9459C535-818A-4512-81C5-2F97D1A68D7C}.Debug|Any CPU.Build.0 = Debug|Any CPU
		{9459C535-818A-4512-81C5-2F97D1A68D7C}.Release|Any CPU.ActiveCfg = Release|Any CPU
		{9459C535-818A-4512-81C5-2F97D1A68D7C}.Release|Any CPU.Build.0 = Release|Any CPU
	EndGlobalSection
	GlobalSection(SolutionProperties) = preSolution
		HideSolutionNode = FALSE
	EndGlobalSection
	GlobalSection(ExtensibilityGlobals) = postSolution
		SolutionGuid = {858944D5-5E41-414A-9AC2-0923A596AD92}
	EndGlobalSection
EndGlobal
